
Microsoft Visual Studio Solution File, Format Version 12.00
# Visual Studio 15
VisualStudioVersion = 15.0.28307.271
MinimumVisualStudioVersion = 10.0.40219.1
Project("{8BC9CEB8-8B4A-11D0-8D11-00A0C91BC942}") = "Chapter1_1.3", "Chapter1_1.3\Chapter1_1.3.vcxproj", "{75F2A4E8-CE4F-4B3B-A481-C1CF1CD8CFD3}"
EndProject
Project("{8BC9CEB8-8B4A-11D0-8D11-00A0C91BC942}") = "Chapter1_1.7", "Chapter1_1.7\Chapter1_1.7.vcxproj", "{A124C5E1-0B1D-4670-8944-DC9363841E1D}"
EndProject
Project("{8BC9CEB8-8B4A-11D0-8D11-00A0C91BC942}") = "Chapter_1.4", "Chapter_1.4\Chapter_1.4.vcxproj", "{72546956-210F-4BEA-BF21-45A5B50C5519}"
EndProject
Project("{8BC9CEB8-8B4A-11D0-8D11-00A0C91BC942}") = "Chapter_1.8", "Chapter_1.8\Chapter_1.8.vcxproj", "{3696C117-49BB-42CA-A00B-61B995FEDF3A}"
EndProject
Project("{8BC9CEB8-8B4A-11D0-8D11-00A0C91BC942}") = "Chapter1_1.10", "Chapter1_1.10\Chapter1_1.10.vcxproj", "{D59A36AC-E8C6-4448-A290-4B742BB144A1}"
EndProject
Project("{8BC9CEB8-8B4A-11D0-8D11-00A0C91BC942}") = "Chapter1_1.11", "Chapter1_1.11\Chapter1_1.11.vcxproj", "{4FD4D169-8171-4AF3-ADC3-FB8E35B55979}"
EndProject
Project("{8BC9CEB8-8B4A-11D0-8D11-00A0C91BC942}") = "Chapter1_1.12", "Chapter1_1.12\Chapter1_1.12.vcxproj", "{78264AC2-F5AA-4213-93E5-7E6268D810D6}"
EndProject
Project("{8BC9CEB8-8B4A-11D0-8D11-00A0C91BC942}") = "Chapter1_1.13", "Chapter1_1.13\Chapter1_1.13.vcxproj", "{05E2B871-EA3D-4D91-81FA-F206DD585965}"
EndProject
Project("{8BC9CEB8-8B4A-11D0-8D11-00A0C91BC942}") = "Chapter1.14", "Chapter1.14\Chapter1.14.vcxproj", "{562E8EE4-0127-4A57-863B-4DDCE1DA7953}"
EndProject
Project("{8BC9CEB8-8B4A-11D0-8D11-00A0C91BC942}") = "Chapter2_2.1", "Chapter2_2.1\Chapter2_2.1.vcxproj", "{0D3D4831-C592-4FF1-B6B2-8B0B73155E0E}"
EndProject
Project("{8BC9CEB8-8B4A-11D0-8D11-00A0C91BC942}") = "Chapter2_2.2", "Chapter2_2.2\Chapter2_2.2.vcxproj", "{55D5B829-234F-4D5E-AA31-8C195D77CA25}"
EndProject
Project("{8BC9CEB8-8B4A-11D0-8D11-00A0C91BC942}") = "Chapter2_2.3", "Chapter2_2.3\Chapter2_2.3.vcxproj", "{9C552E35-B38F-4F29-957B-0E538D2D9A17}"
EndProject
Project("{8BC9CEB8-8B4A-11D0-8D11-00A0C91BC942}") = "Chapter2_2.4", "Chapter2_2.4\Chapter2_2.4.vcxproj", "{398A59B3-8067-4F5A-9EED-E87FCE46B31B}"
EndProject
Project("{8BC9CEB8-8B4A-11D0-8D11-00A0C91BC942}") = "Chapter2_2.5", "Chapter2_2.5\Chapter2_2.5.vcxproj", "{95F33358-2A9A-41C8-82B0-5B2632F857B9}"
EndProject
Project("{8BC9CEB8-8B4A-11D0-8D11-00A0C91BC942}") = "Chapter2_2.6", "Chapter2_2.6\Chapter2_2.6.vcxproj", "{94D623FB-8752-4BC5-9D90-EE088DB47A98}"
EndProject
Project("{8BC9CEB8-8B4A-11D0-8D11-00A0C91BC942}") = "JJacHol", "JJacHol\JJacHol.vcxproj", "{33D73446-3F33-48C7-ADE6-32440348E03E}"
EndProject
Project("{8BC9CEB8-8B4A-11D0-8D11-00A0C91BC942}") = "Chapter2_2.27", "Chapter2_2.27\Chapter2_2.27.vcxproj", "{AB40520E-0AB8-46B4-864F-CF37478F614F}"
EndProject
Project("{8BC9CEB8-8B4A-11D0-8D11-00A0C91BC942}") = "Chapter2_2.8", "Chapter2_2.8\Chapter2_2.8.vcxproj", "{8D024009-0858-483B-9F86-787D0E4347FD}"
EndProject
Project("{8BC9CEB8-8B4A-11D0-8D11-00A0C91BC942}") = "Chapter2_2.9", "Chapter2_2.9\Chapter2_2.9.vcxproj", "{EB10543F-3C10-456A-8885-BF9A6B10483F}"
EndProject
Project("{8BC9CEB8-8B4A-11D0-8D11-00A0C91BC942}") = "Chapter3_3.1", "Chapter3_3.1\Chapter3_3.1.vcxproj", "{16CB4964-1548-46AD-8253-CD09016A47B2}"
EndProject
Project("{8BC9CEB8-8B4A-11D0-8D11-00A0C91BC942}") = "Chapter3_3.2", "Chapter3_3.2\Chapter3_3.2.vcxproj", "{1EBE54F1-505C-4881-BF57-55405F36F8FB}"
EndProject
Project("{8BC9CEB8-8B4A-11D0-8D11-00A0C91BC942}") = "Chapter3_3.3", "Chapter3_3.3\Chapter3_3.3.vcxproj", "{210A8070-FAE6-4255-B654-B7E75342A573}"
EndProject
Project("{8BC9CEB8-8B4A-11D0-8D11-00A0C91BC942}") = "Chapter3_3.4", "Chapter3_3.4\Chapter3_3.4.vcxproj", "{B14BB071-8F3E-4C81-844E-BB1749F981C7}"
EndProject
Project("{8BC9CEB8-8B4A-11D0-8D11-00A0C91BC942}") = "Chapter3_3.5", "Chapter3_3.5\Chapter3_3.5.vcxproj", "{A40B7798-73FA-46FF-8EA5-A8D3C65D0437}"
EndProject
Project("{8BC9CEB8-8B4A-11D0-8D11-00A0C91BC942}") = "Chapter3_3.6", "Chapter3_3.6\Chapter3_3.6.vcxproj", "{85A9741D-C462-4E6D-A1CA-C2F85D1BC20D}"
EndProject
Project("{8BC9CEB8-8B4A-11D0-8D11-00A0C91BC942}") = "Chapter3_3.8", "Chapter3_3.8\Chapter3_3.8.vcxproj", "{D44C5FB6-51FE-469A-AC44-F18763A2A0BC}"
EndProject
Project("{8BC9CEB8-8B4A-11D0-8D11-00A0C91BC942}") = "Chapter3_3.9", "Chapter3_3.9\Chapter3_3.9.vcxproj", "{CB22F013-781E-4567-AAA3-5A84F0BAB53E}"
EndProject
Project("{8BC9CEB8-8B4A-11D0-8D11-00A0C91BC942}") = "Chapter4_4.1", "Chapter4_4.1\Chapter4_4.1.vcxproj", "{AEF23AEF-4A3E-4C34-8EBF-DF3FD0C528D0}"
EndProject
Project("{8BC9CEB8-8B4A-11D0-8D11-00A0C91BC942}") = "Chapter4_4.2", "Chapter4_4.2\Chapter4_4.2.vcxproj", "{16934048-9514-435C-AB86-BDE20216A6BB}"
EndProject
Project("{8BC9CEB8-8B4A-11D0-8D11-00A0C91BC942}") = "Chapter4_4.3", "Chapter4_4.3\Chapter4_4.3.vcxproj", "{CB830A23-306E-4159-ADB9-38C5CE98432E}"
EndProject
Project("{8BC9CEB8-8B4A-11D0-8D11-00A0C91BC942}") = "Chapter4_4.4", "Chapter4_4.4\Chapter4_4.4.vcxproj", "{864CC364-698E-42D4-AD15-3321FD2C3B68}"
EndProject
Project("{8BC9CEB8-8B4A-11D0-8D11-00A0C91BC942}") = "Chapter4_4.5", "Chapter4_4.5\Chapter4_4.5.vcxproj", "{8A27085D-C330-42B8-813E-90A44A869A85}"
EndProject
Project("{8BC9CEB8-8B4A-11D0-8D11-00A0C91BC942}") = "Chapter4_4.6", "Chapter4_4.6\Chapter4_4.6.vcxproj", "{1AE69A2E-504C-4820-81B5-86349388C3C3}"
EndProject
Project("{8BC9CEB8-8B4A-11D0-8D11-00A0C91BC942}") = "Chapter4_4.7", "Chapter4_4.7\Chapter4_4.7.vcxproj", "{5F6DA22C-57C5-4075-98A2-5E541DAB653B}"
EndProject
Project("{8BC9CEB8-8B4A-11D0-8D11-00A0C91BC942}") = "Chapter4_4.8", "Chapter4_4.8\Chapter4_4.8.vcxproj", "{2199B8AF-320E-478D-925A-19D454EF1AB1}"
EndProject
Project("{8BC9CEB8-8B4A-11D0-8D11-00A0C91BC942}") = "Chapter4_4.9", "Chapter4_4.9\Chapter4_4.9.vcxproj", "{EE71A772-C977-44CD-A3BE-7CE5B6C64211}"
EndProject
Project("{8BC9CEB8-8B4A-11D0-8D11-00A0C91BC942}") = "Chpater4_4.10", "Chpater4_4.10\Chpater4_4.10.vcxproj", "{5238AC49-54BF-4404-B3F9-8C4929867715}"
EndProject
Project("{8BC9CEB8-8B4A-11D0-8D11-00A0C91BC942}") = "Chpater5_5.1", "Chpater5_5.1\Chpater5_5.1.vcxproj", "{865E768A-BAFA-4E8E-B493-72B775A97DFF}"
EndProject
Project("{8BC9CEB8-8B4A-11D0-8D11-00A0C91BC942}") = "Chapter5_5.2", "Chapter5_5.2\Chapter5_5.2.vcxproj", "{DE592FDA-973B-4B39-A4B8-DD3AF0F647FD}"
EndProject
Project("{8BC9CEB8-8B4A-11D0-8D11-00A0C91BC942}") = "Chapter5_5.3", "Chapter5_5.3\Chapter5_5.3.vcxproj", "{1E184E29-989B-4EB8-ABA6-F0A6F3967003}"
EndProject
Project("{8BC9CEB8-8B4A-11D0-8D11-00A0C91BC942}") = "Chapter5_5.4", "Chapter5_5.4\Chapter5_5.4.vcxproj", "{71DAB47A-7E95-43EF-8066-552A7C7D3E57}"
EndProject
Project("{8BC9CEB8-8B4A-11D0-8D11-00A0C91BC942}") = "Chapter5_5.5", "Chapter5_5.5\Chapter5_5.5.vcxproj", "{4BE2BBBA-146B-48F1-8008-334844B2AC07}"
EndProject
Project("{8BC9CEB8-8B4A-11D0-8D11-00A0C91BC942}") = "Chapter5_5.6", "Chapter5_5.6\Chapter5_5.6.vcxproj", "{E0DA0E1C-9072-4DE8-A0E6-597BF2D9F4EB}"
EndProject
Project("{8BC9CEB8-8B4A-11D0-8D11-00A0C91BC942}") = "Chatper5_5.7", "Chatper5_5.7\Chatper5_5.7.vcxproj", "{FBF27E9D-BC77-439A-8D6D-C5C1FBC36914}"
EndProject
Project("{8BC9CEB8-8B4A-11D0-8D11-00A0C91BC942}") = "Chapter5_5.8", "Chapter5_5.8\Chapter5_5.8.vcxproj", "{F08C9E46-1AC2-4BAB-A4D0-57897FA28FC9}"
EndProject
Project("{8BC9CEB8-8B4A-11D0-8D11-00A0C91BC942}") = "Chapter5_5.9", "Chapter5_5.9\Chapter5_5.9.vcxproj", "{A2206B3A-A602-4385-AE07-C8D626F013D6}"
EndProject
Project("{8BC9CEB8-8B4A-11D0-8D11-00A0C91BC942}") = "Chatper5_5.10", "Chatper5_5.10\Chatper5_5.10.vcxproj", "{AF755F31-E19B-4314-AA8E-4E7B666D0739}"
EndProject
Project("{8BC9CEB8-8B4A-11D0-8D11-00A0C91BC942}") = "Chapter6_6.1", "Chapter6_6.1\Chapter6_6.1.vcxproj", "{E503501B-C6DE-4E94-B42B-FBA2260FBC42}"
EndProject
Project("{8BC9CEB8-8B4A-11D0-8D11-00A0C91BC942}") = "Chapter6_6.2", "Chapter6_6.2\Chapter6_6.2.vcxproj", "{3C4DF4DF-2266-477E-8A0D-F05DAF233061}"
EndProject
Project("{8BC9CEB8-8B4A-11D0-8D11-00A0C91BC942}") = "Chapter6_6.3", "Chapter6_6.3\Chapter6_6.3.vcxproj", "{69ED2572-948B-418D-9852-A6630E892888}"
EndProject
Project("{8BC9CEB8-8B4A-11D0-8D11-00A0C91BC942}") = "Chapter6_6.4", "Chapter6_6.4\Chapter6_6.4.vcxproj", "{9EE94926-4B6F-46DE-BF6D-4FD3F56F4390}"
EndProject
Project("{8BC9CEB8-8B4A-11D0-8D11-00A0C91BC942}") = "Chapter6_6.5", "Chapter6_6.5\Chapter6_6.5.vcxproj", "{10C465AA-F1F9-4D28-8222-13F3F39380E0}"
EndProject
Project("{8BC9CEB8-8B4A-11D0-8D11-00A0C91BC942}") = "Chapter6_6.6", "Chapter6_6.6\Chapter6_6.6.vcxproj", "{DD1A7AF4-56B5-4244-BAD6-3CFFB2EDE577}"
EndProject
Project("{8BC9CEB8-8B4A-11D0-8D11-00A0C91BC942}") = "Chapter6_6.7", "Chapter6_6.7\Chapter6_6.7.vcxproj", "{D958B815-729E-428A-B5DE-6FC8DA9FAF80}"
EndProject
Project("{8BC9CEB8-8B4A-11D0-8D11-00A0C91BC942}") = "Chapter6_6.7a", "Chapter6_6.7a\Chapter6_6.7a.vcxproj", "{F7286426-5E3B-4B14-A04B-BBE1BD1EEF9D}"
EndProject
Global
	GlobalSection(SolutionConfigurationPlatforms) = preSolution
		Debug|x64 = Debug|x64
		Debug|x86 = Debug|x86
		Release|x64 = Release|x64
		Release|x86 = Release|x86
	EndGlobalSection
	GlobalSection(ProjectConfigurationPlatforms) = postSolution
		{75F2A4E8-CE4F-4B3B-A481-C1CF1CD8CFD3}.Debug|x64.ActiveCfg = Debug|x64
		{75F2A4E8-CE4F-4B3B-A481-C1CF1CD8CFD3}.Debug|x64.Build.0 = Debug|x64
		{75F2A4E8-CE4F-4B3B-A481-C1CF1CD8CFD3}.Debug|x86.ActiveCfg = Debug|Win32
		{75F2A4E8-CE4F-4B3B-A481-C1CF1CD8CFD3}.Debug|x86.Build.0 = Debug|Win32
		{75F2A4E8-CE4F-4B3B-A481-C1CF1CD8CFD3}.Release|x64.ActiveCfg = Release|x64
		{75F2A4E8-CE4F-4B3B-A481-C1CF1CD8CFD3}.Release|x64.Build.0 = Release|x64
		{75F2A4E8-CE4F-4B3B-A481-C1CF1CD8CFD3}.Release|x86.ActiveCfg = Release|Win32
		{75F2A4E8-CE4F-4B3B-A481-C1CF1CD8CFD3}.Release|x86.Build.0 = Release|Win32
		{A124C5E1-0B1D-4670-8944-DC9363841E1D}.Debug|x64.ActiveCfg = Debug|x64
		{A124C5E1-0B1D-4670-8944-DC9363841E1D}.Debug|x64.Build.0 = Debug|x64
		{A124C5E1-0B1D-4670-8944-DC9363841E1D}.Debug|x86.ActiveCfg = Debug|Win32
		{A124C5E1-0B1D-4670-8944-DC9363841E1D}.Debug|x86.Build.0 = Debug|Win32
		{A124C5E1-0B1D-4670-8944-DC9363841E1D}.Release|x64.ActiveCfg = Release|x64
		{A124C5E1-0B1D-4670-8944-DC9363841E1D}.Release|x64.Build.0 = Release|x64
		{A124C5E1-0B1D-4670-8944-DC9363841E1D}.Release|x86.ActiveCfg = Release|Win32
		{A124C5E1-0B1D-4670-8944-DC9363841E1D}.Release|x86.Build.0 = Release|Win32
		{72546956-210F-4BEA-BF21-45A5B50C5519}.Debug|x64.ActiveCfg = Debug|x64
		{72546956-210F-4BEA-BF21-45A5B50C5519}.Debug|x64.Build.0 = Debug|x64
		{72546956-210F-4BEA-BF21-45A5B50C5519}.Debug|x86.ActiveCfg = Debug|Win32
		{72546956-210F-4BEA-BF21-45A5B50C5519}.Debug|x86.Build.0 = Debug|Win32
		{72546956-210F-4BEA-BF21-45A5B50C5519}.Release|x64.ActiveCfg = Release|x64
		{72546956-210F-4BEA-BF21-45A5B50C5519}.Release|x64.Build.0 = Release|x64
		{72546956-210F-4BEA-BF21-45A5B50C5519}.Release|x86.ActiveCfg = Release|Win32
		{72546956-210F-4BEA-BF21-45A5B50C5519}.Release|x86.Build.0 = Release|Win32
		{3696C117-49BB-42CA-A00B-61B995FEDF3A}.Debug|x64.ActiveCfg = Debug|x64
		{3696C117-49BB-42CA-A00B-61B995FEDF3A}.Debug|x64.Build.0 = Debug|x64
		{3696C117-49BB-42CA-A00B-61B995FEDF3A}.Debug|x86.ActiveCfg = Debug|Win32
		{3696C117-49BB-42CA-A00B-61B995FEDF3A}.Debug|x86.Build.0 = Debug|Win32
		{3696C117-49BB-42CA-A00B-61B995FEDF3A}.Release|x64.ActiveCfg = Release|x64
		{3696C117-49BB-42CA-A00B-61B995FEDF3A}.Release|x64.Build.0 = Release|x64
		{3696C117-49BB-42CA-A00B-61B995FEDF3A}.Release|x86.ActiveCfg = Release|Win32
		{3696C117-49BB-42CA-A00B-61B995FEDF3A}.Release|x86.Build.0 = Release|Win32
		{D59A36AC-E8C6-4448-A290-4B742BB144A1}.Debug|x64.ActiveCfg = Debug|x64
		{D59A36AC-E8C6-4448-A290-4B742BB144A1}.Debug|x64.Build.0 = Debug|x64
		{D59A36AC-E8C6-4448-A290-4B742BB144A1}.Debug|x86.ActiveCfg = Debug|Win32
		{D59A36AC-E8C6-4448-A290-4B742BB144A1}.Debug|x86.Build.0 = Debug|Win32
		{D59A36AC-E8C6-4448-A290-4B742BB144A1}.Release|x64.ActiveCfg = Release|x64
		{D59A36AC-E8C6-4448-A290-4B742BB144A1}.Release|x64.Build.0 = Release|x64
		{D59A36AC-E8C6-4448-A290-4B742BB144A1}.Release|x86.ActiveCfg = Release|Win32
		{D59A36AC-E8C6-4448-A290-4B742BB144A1}.Release|x86.Build.0 = Release|Win32
		{4FD4D169-8171-4AF3-ADC3-FB8E35B55979}.Debug|x64.ActiveCfg = Debug|x64
		{4FD4D169-8171-4AF3-ADC3-FB8E35B55979}.Debug|x64.Build.0 = Debug|x64
		{4FD4D169-8171-4AF3-ADC3-FB8E35B55979}.Debug|x86.ActiveCfg = Debug|Win32
		{4FD4D169-8171-4AF3-ADC3-FB8E35B55979}.Debug|x86.Build.0 = Debug|Win32
		{4FD4D169-8171-4AF3-ADC3-FB8E35B55979}.Release|x64.ActiveCfg = Release|x64
		{4FD4D169-8171-4AF3-ADC3-FB8E35B55979}.Release|x64.Build.0 = Release|x64
		{4FD4D169-8171-4AF3-ADC3-FB8E35B55979}.Release|x86.ActiveCfg = Release|Win32
		{4FD4D169-8171-4AF3-ADC3-FB8E35B55979}.Release|x86.Build.0 = Release|Win32
		{78264AC2-F5AA-4213-93E5-7E6268D810D6}.Debug|x64.ActiveCfg = Debug|x64
		{78264AC2-F5AA-4213-93E5-7E6268D810D6}.Debug|x64.Build.0 = Debug|x64
		{78264AC2-F5AA-4213-93E5-7E6268D810D6}.Debug|x86.ActiveCfg = Debug|Win32
		{78264AC2-F5AA-4213-93E5-7E6268D810D6}.Debug|x86.Build.0 = Debug|Win32
		{78264AC2-F5AA-4213-93E5-7E6268D810D6}.Release|x64.ActiveCfg = Release|x64
		{78264AC2-F5AA-4213-93E5-7E6268D810D6}.Release|x64.Build.0 = Release|x64
		{78264AC2-F5AA-4213-93E5-7E6268D810D6}.Release|x86.ActiveCfg = Release|Win32
		{78264AC2-F5AA-4213-93E5-7E6268D810D6}.Release|x86.Build.0 = Release|Win32
		{05E2B871-EA3D-4D91-81FA-F206DD585965}.Debug|x64.ActiveCfg = Debug|x64
		{05E2B871-EA3D-4D91-81FA-F206DD585965}.Debug|x64.Build.0 = Debug|x64
		{05E2B871-EA3D-4D91-81FA-F206DD585965}.Debug|x86.ActiveCfg = Debug|Win32
		{05E2B871-EA3D-4D91-81FA-F206DD585965}.Debug|x86.Build.0 = Debug|Win32
		{05E2B871-EA3D-4D91-81FA-F206DD585965}.Release|x64.ActiveCfg = Release|x64
		{05E2B871-EA3D-4D91-81FA-F206DD585965}.Release|x64.Build.0 = Release|x64
		{05E2B871-EA3D-4D91-81FA-F206DD585965}.Release|x86.ActiveCfg = Release|Win32
		{05E2B871-EA3D-4D91-81FA-F206DD585965}.Release|x86.Build.0 = Release|Win32
		{562E8EE4-0127-4A57-863B-4DDCE1DA7953}.Debug|x64.ActiveCfg = Debug|x64
		{562E8EE4-0127-4A57-863B-4DDCE1DA7953}.Debug|x64.Build.0 = Debug|x64
		{562E8EE4-0127-4A57-863B-4DDCE1DA7953}.Debug|x86.ActiveCfg = Debug|Win32
		{562E8EE4-0127-4A57-863B-4DDCE1DA7953}.Debug|x86.Build.0 = Debug|Win32
		{562E8EE4-0127-4A57-863B-4DDCE1DA7953}.Release|x64.ActiveCfg = Release|x64
		{562E8EE4-0127-4A57-863B-4DDCE1DA7953}.Release|x64.Build.0 = Release|x64
		{562E8EE4-0127-4A57-863B-4DDCE1DA7953}.Release|x86.ActiveCfg = Release|Win32
		{562E8EE4-0127-4A57-863B-4DDCE1DA7953}.Release|x86.Build.0 = Release|Win32
		{0D3D4831-C592-4FF1-B6B2-8B0B73155E0E}.Debug|x64.ActiveCfg = Debug|x64
		{0D3D4831-C592-4FF1-B6B2-8B0B73155E0E}.Debug|x64.Build.0 = Debug|x64
		{0D3D4831-C592-4FF1-B6B2-8B0B73155E0E}.Debug|x86.ActiveCfg = Debug|Win32
		{0D3D4831-C592-4FF1-B6B2-8B0B73155E0E}.Debug|x86.Build.0 = Debug|Win32
		{0D3D4831-C592-4FF1-B6B2-8B0B73155E0E}.Release|x64.ActiveCfg = Release|x64
		{0D3D4831-C592-4FF1-B6B2-8B0B73155E0E}.Release|x64.Build.0 = Release|x64
		{0D3D4831-C592-4FF1-B6B2-8B0B73155E0E}.Release|x86.ActiveCfg = Release|Win32
		{0D3D4831-C592-4FF1-B6B2-8B0B73155E0E}.Release|x86.Build.0 = Release|Win32
		{55D5B829-234F-4D5E-AA31-8C195D77CA25}.Debug|x64.ActiveCfg = Debug|x64
		{55D5B829-234F-4D5E-AA31-8C195D77CA25}.Debug|x64.Build.0 = Debug|x64
		{55D5B829-234F-4D5E-AA31-8C195D77CA25}.Debug|x86.ActiveCfg = Debug|Win32
		{55D5B829-234F-4D5E-AA31-8C195D77CA25}.Debug|x86.Build.0 = Debug|Win32
		{55D5B829-234F-4D5E-AA31-8C195D77CA25}.Release|x64.ActiveCfg = Release|x64
		{55D5B829-234F-4D5E-AA31-8C195D77CA25}.Release|x64.Build.0 = Release|x64
		{55D5B829-234F-4D5E-AA31-8C195D77CA25}.Release|x86.ActiveCfg = Release|Win32
		{55D5B829-234F-4D5E-AA31-8C195D77CA25}.Release|x86.Build.0 = Release|Win32
		{9C552E35-B38F-4F29-957B-0E538D2D9A17}.Debug|x64.ActiveCfg = Debug|x64
		{9C552E35-B38F-4F29-957B-0E538D2D9A17}.Debug|x64.Build.0 = Debug|x64
		{9C552E35-B38F-4F29-957B-0E538D2D9A17}.Debug|x86.ActiveCfg = Debug|Win32
		{9C552E35-B38F-4F29-957B-0E538D2D9A17}.Debug|x86.Build.0 = Debug|Win32
		{9C552E35-B38F-4F29-957B-0E538D2D9A17}.Release|x64.ActiveCfg = Release|x64
		{9C552E35-B38F-4F29-957B-0E538D2D9A17}.Release|x64.Build.0 = Release|x64
		{9C552E35-B38F-4F29-957B-0E538D2D9A17}.Release|x86.ActiveCfg = Release|Win32
		{9C552E35-B38F-4F29-957B-0E538D2D9A17}.Release|x86.Build.0 = Release|Win32
		{398A59B3-8067-4F5A-9EED-E87FCE46B31B}.Debug|x64.ActiveCfg = Debug|x64
		{398A59B3-8067-4F5A-9EED-E87FCE46B31B}.Debug|x64.Build.0 = Debug|x64
		{398A59B3-8067-4F5A-9EED-E87FCE46B31B}.Debug|x86.ActiveCfg = Debug|Win32
		{398A59B3-8067-4F5A-9EED-E87FCE46B31B}.Debug|x86.Build.0 = Debug|Win32
		{398A59B3-8067-4F5A-9EED-E87FCE46B31B}.Release|x64.ActiveCfg = Release|x64
		{398A59B3-8067-4F5A-9EED-E87FCE46B31B}.Release|x64.Build.0 = Release|x64
		{398A59B3-8067-4F5A-9EED-E87FCE46B31B}.Release|x86.ActiveCfg = Release|Win32
		{398A59B3-8067-4F5A-9EED-E87FCE46B31B}.Release|x86.Build.0 = Release|Win32
		{95F33358-2A9A-41C8-82B0-5B2632F857B9}.Debug|x64.ActiveCfg = Debug|x64
		{95F33358-2A9A-41C8-82B0-5B2632F857B9}.Debug|x64.Build.0 = Debug|x64
		{95F33358-2A9A-41C8-82B0-5B2632F857B9}.Debug|x86.ActiveCfg = Debug|Win32
		{95F33358-2A9A-41C8-82B0-5B2632F857B9}.Debug|x86.Build.0 = Debug|Win32
		{95F33358-2A9A-41C8-82B0-5B2632F857B9}.Release|x64.ActiveCfg = Release|x64
		{95F33358-2A9A-41C8-82B0-5B2632F857B9}.Release|x64.Build.0 = Release|x64
		{95F33358-2A9A-41C8-82B0-5B2632F857B9}.Release|x86.ActiveCfg = Release|Win32
		{95F33358-2A9A-41C8-82B0-5B2632F857B9}.Release|x86.Build.0 = Release|Win32
		{94D623FB-8752-4BC5-9D90-EE088DB47A98}.Debug|x64.ActiveCfg = Debug|x64
		{94D623FB-8752-4BC5-9D90-EE088DB47A98}.Debug|x64.Build.0 = Debug|x64
		{94D623FB-8752-4BC5-9D90-EE088DB47A98}.Debug|x86.ActiveCfg = Debug|Win32
		{94D623FB-8752-4BC5-9D90-EE088DB47A98}.Debug|x86.Build.0 = Debug|Win32
		{94D623FB-8752-4BC5-9D90-EE088DB47A98}.Release|x64.ActiveCfg = Release|x64
		{94D623FB-8752-4BC5-9D90-EE088DB47A98}.Release|x64.Build.0 = Release|x64
		{94D623FB-8752-4BC5-9D90-EE088DB47A98}.Release|x86.ActiveCfg = Release|Win32
		{94D623FB-8752-4BC5-9D90-EE088DB47A98}.Release|x86.Build.0 = Release|Win32
		{33D73446-3F33-48C7-ADE6-32440348E03E}.Debug|x64.ActiveCfg = Debug|x64
		{33D73446-3F33-48C7-ADE6-32440348E03E}.Debug|x64.Build.0 = Debug|x64
		{33D73446-3F33-48C7-ADE6-32440348E03E}.Debug|x86.ActiveCfg = Debug|Win32
		{33D73446-3F33-48C7-ADE6-32440348E03E}.Debug|x86.Build.0 = Debug|Win32
		{33D73446-3F33-48C7-ADE6-32440348E03E}.Release|x64.ActiveCfg = Release|x64
		{33D73446-3F33-48C7-ADE6-32440348E03E}.Release|x64.Build.0 = Release|x64
		{33D73446-3F33-48C7-ADE6-32440348E03E}.Release|x86.ActiveCfg = Release|Win32
		{33D73446-3F33-48C7-ADE6-32440348E03E}.Release|x86.Build.0 = Release|Win32
		{AB40520E-0AB8-46B4-864F-CF37478F614F}.Debug|x64.ActiveCfg = Debug|x64
		{AB40520E-0AB8-46B4-864F-CF37478F614F}.Debug|x64.Build.0 = Debug|x64
		{AB40520E-0AB8-46B4-864F-CF37478F614F}.Debug|x86.ActiveCfg = Debug|Win32
		{AB40520E-0AB8-46B4-864F-CF37478F614F}.Debug|x86.Build.0 = Debug|Win32
		{AB40520E-0AB8-46B4-864F-CF37478F614F}.Release|x64.ActiveCfg = Release|x64
		{AB40520E-0AB8-46B4-864F-CF37478F614F}.Release|x64.Build.0 = Release|x64
		{AB40520E-0AB8-46B4-864F-CF37478F614F}.Release|x86.ActiveCfg = Release|Win32
		{AB40520E-0AB8-46B4-864F-CF37478F614F}.Release|x86.Build.0 = Release|Win32
		{8D024009-0858-483B-9F86-787D0E4347FD}.Debug|x64.ActiveCfg = Debug|x64
		{8D024009-0858-483B-9F86-787D0E4347FD}.Debug|x64.Build.0 = Debug|x64
		{8D024009-0858-483B-9F86-787D0E4347FD}.Debug|x86.ActiveCfg = Debug|Win32
		{8D024009-0858-483B-9F86-787D0E4347FD}.Debug|x86.Build.0 = Debug|Win32
		{8D024009-0858-483B-9F86-787D0E4347FD}.Release|x64.ActiveCfg = Release|x64
		{8D024009-0858-483B-9F86-787D0E4347FD}.Release|x64.Build.0 = Release|x64
		{8D024009-0858-483B-9F86-787D0E4347FD}.Release|x86.ActiveCfg = Release|Win32
		{8D024009-0858-483B-9F86-787D0E4347FD}.Release|x86.Build.0 = Release|Win32
		{EB10543F-3C10-456A-8885-BF9A6B10483F}.Debug|x64.ActiveCfg = Debug|x64
		{EB10543F-3C10-456A-8885-BF9A6B10483F}.Debug|x64.Build.0 = Debug|x64
		{EB10543F-3C10-456A-8885-BF9A6B10483F}.Debug|x86.ActiveCfg = Debug|Win32
		{EB10543F-3C10-456A-8885-BF9A6B10483F}.Debug|x86.Build.0 = Debug|Win32
		{EB10543F-3C10-456A-8885-BF9A6B10483F}.Release|x64.ActiveCfg = Release|x64
		{EB10543F-3C10-456A-8885-BF9A6B10483F}.Release|x64.Build.0 = Release|x64
		{EB10543F-3C10-456A-8885-BF9A6B10483F}.Release|x86.ActiveCfg = Release|Win32
		{EB10543F-3C10-456A-8885-BF9A6B10483F}.Release|x86.Build.0 = Release|Win32
		{16CB4964-1548-46AD-8253-CD09016A47B2}.Debug|x64.ActiveCfg = Debug|x64
		{16CB4964-1548-46AD-8253-CD09016A47B2}.Debug|x64.Build.0 = Debug|x64
		{16CB4964-1548-46AD-8253-CD09016A47B2}.Debug|x86.ActiveCfg = Debug|Win32
		{16CB4964-1548-46AD-8253-CD09016A47B2}.Debug|x86.Build.0 = Debug|Win32
		{16CB4964-1548-46AD-8253-CD09016A47B2}.Release|x64.ActiveCfg = Release|x64
		{16CB4964-1548-46AD-8253-CD09016A47B2}.Release|x64.Build.0 = Release|x64
		{16CB4964-1548-46AD-8253-CD09016A47B2}.Release|x86.ActiveCfg = Release|Win32
		{16CB4964-1548-46AD-8253-CD09016A47B2}.Release|x86.Build.0 = Release|Win32
		{1EBE54F1-505C-4881-BF57-55405F36F8FB}.Debug|x64.ActiveCfg = Debug|x64
		{1EBE54F1-505C-4881-BF57-55405F36F8FB}.Debug|x64.Build.0 = Debug|x64
		{1EBE54F1-505C-4881-BF57-55405F36F8FB}.Debug|x86.ActiveCfg = Debug|Win32
		{1EBE54F1-505C-4881-BF57-55405F36F8FB}.Debug|x86.Build.0 = Debug|Win32
		{1EBE54F1-505C-4881-BF57-55405F36F8FB}.Release|x64.ActiveCfg = Release|x64
		{1EBE54F1-505C-4881-BF57-55405F36F8FB}.Release|x64.Build.0 = Release|x64
		{1EBE54F1-505C-4881-BF57-55405F36F8FB}.Release|x86.ActiveCfg = Release|Win32
		{1EBE54F1-505C-4881-BF57-55405F36F8FB}.Release|x86.Build.0 = Release|Win32
		{210A8070-FAE6-4255-B654-B7E75342A573}.Debug|x64.ActiveCfg = Debug|x64
		{210A8070-FAE6-4255-B654-B7E75342A573}.Debug|x64.Build.0 = Debug|x64
		{210A8070-FAE6-4255-B654-B7E75342A573}.Debug|x86.ActiveCfg = Debug|Win32
		{210A8070-FAE6-4255-B654-B7E75342A573}.Debug|x86.Build.0 = Debug|Win32
		{210A8070-FAE6-4255-B654-B7E75342A573}.Release|x64.ActiveCfg = Release|x64
		{210A8070-FAE6-4255-B654-B7E75342A573}.Release|x64.Build.0 = Release|x64
		{210A8070-FAE6-4255-B654-B7E75342A573}.Release|x86.ActiveCfg = Release|Win32
		{210A8070-FAE6-4255-B654-B7E75342A573}.Release|x86.Build.0 = Release|Win32
		{B14BB071-8F3E-4C81-844E-BB1749F981C7}.Debug|x64.ActiveCfg = Debug|x64
		{B14BB071-8F3E-4C81-844E-BB1749F981C7}.Debug|x64.Build.0 = Debug|x64
		{B14BB071-8F3E-4C81-844E-BB1749F981C7}.Debug|x86.ActiveCfg = Debug|Win32
		{B14BB071-8F3E-4C81-844E-BB1749F981C7}.Debug|x86.Build.0 = Debug|Win32
		{B14BB071-8F3E-4C81-844E-BB1749F981C7}.Release|x64.ActiveCfg = Release|x64
		{B14BB071-8F3E-4C81-844E-BB1749F981C7}.Release|x64.Build.0 = Release|x64
		{B14BB071-8F3E-4C81-844E-BB1749F981C7}.Release|x86.ActiveCfg = Release|Win32
		{B14BB071-8F3E-4C81-844E-BB1749F981C7}.Release|x86.Build.0 = Release|Win32
		{A40B7798-73FA-46FF-8EA5-A8D3C65D0437}.Debug|x64.ActiveCfg = Debug|x64
		{A40B7798-73FA-46FF-8EA5-A8D3C65D0437}.Debug|x64.Build.0 = Debug|x64
		{A40B7798-73FA-46FF-8EA5-A8D3C65D0437}.Debug|x86.ActiveCfg = Debug|Win32
		{A40B7798-73FA-46FF-8EA5-A8D3C65D0437}.Debug|x86.Build.0 = Debug|Win32
		{A40B7798-73FA-46FF-8EA5-A8D3C65D0437}.Release|x64.ActiveCfg = Release|x64
		{A40B7798-73FA-46FF-8EA5-A8D3C65D0437}.Release|x64.Build.0 = Release|x64
		{A40B7798-73FA-46FF-8EA5-A8D3C65D0437}.Release|x86.ActiveCfg = Release|Win32
		{A40B7798-73FA-46FF-8EA5-A8D3C65D0437}.Release|x86.Build.0 = Release|Win32
		{85A9741D-C462-4E6D-A1CA-C2F85D1BC20D}.Debug|x64.ActiveCfg = Debug|x64
		{85A9741D-C462-4E6D-A1CA-C2F85D1BC20D}.Debug|x64.Build.0 = Debug|x64
		{85A9741D-C462-4E6D-A1CA-C2F85D1BC20D}.Debug|x86.ActiveCfg = Debug|Win32
		{85A9741D-C462-4E6D-A1CA-C2F85D1BC20D}.Debug|x86.Build.0 = Debug|Win32
		{85A9741D-C462-4E6D-A1CA-C2F85D1BC20D}.Release|x64.ActiveCfg = Release|x64
		{85A9741D-C462-4E6D-A1CA-C2F85D1BC20D}.Release|x64.Build.0 = Release|x64
		{85A9741D-C462-4E6D-A1CA-C2F85D1BC20D}.Release|x86.ActiveCfg = Release|Win32
		{85A9741D-C462-4E6D-A1CA-C2F85D1BC20D}.Release|x86.Build.0 = Release|Win32
		{D44C5FB6-51FE-469A-AC44-F18763A2A0BC}.Debug|x64.ActiveCfg = Debug|x64
		{D44C5FB6-51FE-469A-AC44-F18763A2A0BC}.Debug|x64.Build.0 = Debug|x64
		{D44C5FB6-51FE-469A-AC44-F18763A2A0BC}.Debug|x86.ActiveCfg = Debug|Win32
		{D44C5FB6-51FE-469A-AC44-F18763A2A0BC}.Debug|x86.Build.0 = Debug|Win32
		{D44C5FB6-51FE-469A-AC44-F18763A2A0BC}.Release|x64.ActiveCfg = Release|x64
		{D44C5FB6-51FE-469A-AC44-F18763A2A0BC}.Release|x64.Build.0 = Release|x64
		{D44C5FB6-51FE-469A-AC44-F18763A2A0BC}.Release|x86.ActiveCfg = Release|Win32
		{D44C5FB6-51FE-469A-AC44-F18763A2A0BC}.Release|x86.Build.0 = Release|Win32
		{CB22F013-781E-4567-AAA3-5A84F0BAB53E}.Debug|x64.ActiveCfg = Debug|x64
		{CB22F013-781E-4567-AAA3-5A84F0BAB53E}.Debug|x64.Build.0 = Debug|x64
		{CB22F013-781E-4567-AAA3-5A84F0BAB53E}.Debug|x86.ActiveCfg = Debug|Win32
		{CB22F013-781E-4567-AAA3-5A84F0BAB53E}.Debug|x86.Build.0 = Debug|Win32
		{CB22F013-781E-4567-AAA3-5A84F0BAB53E}.Release|x64.ActiveCfg = Release|x64
		{CB22F013-781E-4567-AAA3-5A84F0BAB53E}.Release|x64.Build.0 = Release|x64
		{CB22F013-781E-4567-AAA3-5A84F0BAB53E}.Release|x86.ActiveCfg = Release|Win32
		{CB22F013-781E-4567-AAA3-5A84F0BAB53E}.Release|x86.Build.0 = Release|Win32
		{AEF23AEF-4A3E-4C34-8EBF-DF3FD0C528D0}.Debug|x64.ActiveCfg = Debug|x64
		{AEF23AEF-4A3E-4C34-8EBF-DF3FD0C528D0}.Debug|x64.Build.0 = Debug|x64
		{AEF23AEF-4A3E-4C34-8EBF-DF3FD0C528D0}.Debug|x86.ActiveCfg = Debug|Win32
		{AEF23AEF-4A3E-4C34-8EBF-DF3FD0C528D0}.Debug|x86.Build.0 = Debug|Win32
		{AEF23AEF-4A3E-4C34-8EBF-DF3FD0C528D0}.Release|x64.ActiveCfg = Release|x64
		{AEF23AEF-4A3E-4C34-8EBF-DF3FD0C528D0}.Release|x64.Build.0 = Release|x64
		{AEF23AEF-4A3E-4C34-8EBF-DF3FD0C528D0}.Release|x86.ActiveCfg = Release|Win32
		{AEF23AEF-4A3E-4C34-8EBF-DF3FD0C528D0}.Release|x86.Build.0 = Release|Win32
		{16934048-9514-435C-AB86-BDE20216A6BB}.Debug|x64.ActiveCfg = Debug|x64
		{16934048-9514-435C-AB86-BDE20216A6BB}.Debug|x64.Build.0 = Debug|x64
		{16934048-9514-435C-AB86-BDE20216A6BB}.Debug|x86.ActiveCfg = Debug|Win32
		{16934048-9514-435C-AB86-BDE20216A6BB}.Debug|x86.Build.0 = Debug|Win32
		{16934048-9514-435C-AB86-BDE20216A6BB}.Release|x64.ActiveCfg = Release|x64
		{16934048-9514-435C-AB86-BDE20216A6BB}.Release|x64.Build.0 = Release|x64
		{16934048-9514-435C-AB86-BDE20216A6BB}.Release|x86.ActiveCfg = Release|Win32
		{16934048-9514-435C-AB86-BDE20216A6BB}.Release|x86.Build.0 = Release|Win32
		{CB830A23-306E-4159-ADB9-38C5CE98432E}.Debug|x64.ActiveCfg = Debug|x64
		{CB830A23-306E-4159-ADB9-38C5CE98432E}.Debug|x64.Build.0 = Debug|x64
		{CB830A23-306E-4159-ADB9-38C5CE98432E}.Debug|x86.ActiveCfg = Debug|Win32
		{CB830A23-306E-4159-ADB9-38C5CE98432E}.Debug|x86.Build.0 = Debug|Win32
		{CB830A23-306E-4159-ADB9-38C5CE98432E}.Release|x64.ActiveCfg = Release|x64
		{CB830A23-306E-4159-ADB9-38C5CE98432E}.Release|x64.Build.0 = Release|x64
		{CB830A23-306E-4159-ADB9-38C5CE98432E}.Release|x86.ActiveCfg = Release|Win32
		{CB830A23-306E-4159-ADB9-38C5CE98432E}.Release|x86.Build.0 = Release|Win32
		{864CC364-698E-42D4-AD15-3321FD2C3B68}.Debug|x64.ActiveCfg = Debug|x64
		{864CC364-698E-42D4-AD15-3321FD2C3B68}.Debug|x64.Build.0 = Debug|x64
		{864CC364-698E-42D4-AD15-3321FD2C3B68}.Debug|x86.ActiveCfg = Debug|Win32
		{864CC364-698E-42D4-AD15-3321FD2C3B68}.Debug|x86.Build.0 = Debug|Win32
		{864CC364-698E-42D4-AD15-3321FD2C3B68}.Release|x64.ActiveCfg = Release|x64
		{864CC364-698E-42D4-AD15-3321FD2C3B68}.Release|x64.Build.0 = Release|x64
		{864CC364-698E-42D4-AD15-3321FD2C3B68}.Release|x86.ActiveCfg = Release|Win32
		{864CC364-698E-42D4-AD15-3321FD2C3B68}.Release|x86.Build.0 = Release|Win32
		{8A27085D-C330-42B8-813E-90A44A869A85}.Debug|x64.ActiveCfg = Debug|x64
		{8A27085D-C330-42B8-813E-90A44A869A85}.Debug|x64.Build.0 = Debug|x64
		{8A27085D-C330-42B8-813E-90A44A869A85}.Debug|x86.ActiveCfg = Debug|Win32
		{8A27085D-C330-42B8-813E-90A44A869A85}.Debug|x86.Build.0 = Debug|Win32
		{8A27085D-C330-42B8-813E-90A44A869A85}.Release|x64.ActiveCfg = Release|x64
		{8A27085D-C330-42B8-813E-90A44A869A85}.Release|x64.Build.0 = Release|x64
		{8A27085D-C330-42B8-813E-90A44A869A85}.Release|x86.ActiveCfg = Release|Win32
		{8A27085D-C330-42B8-813E-90A44A869A85}.Release|x86.Build.0 = Release|Win32
		{1AE69A2E-504C-4820-81B5-86349388C3C3}.Debug|x64.ActiveCfg = Debug|x64
		{1AE69A2E-504C-4820-81B5-86349388C3C3}.Debug|x64.Build.0 = Debug|x64
		{1AE69A2E-504C-4820-81B5-86349388C3C3}.Debug|x86.ActiveCfg = Debug|Win32
		{1AE69A2E-504C-4820-81B5-86349388C3C3}.Debug|x86.Build.0 = Debug|Win32
		{1AE69A2E-504C-4820-81B5-86349388C3C3}.Release|x64.ActiveCfg = Release|x64
		{1AE69A2E-504C-4820-81B5-86349388C3C3}.Release|x64.Build.0 = Release|x64
		{1AE69A2E-504C-4820-81B5-86349388C3C3}.Release|x86.ActiveCfg = Release|Win32
		{1AE69A2E-504C-4820-81B5-86349388C3C3}.Release|x86.Build.0 = Release|Win32
		{5F6DA22C-57C5-4075-98A2-5E541DAB653B}.Debug|x64.ActiveCfg = Debug|x64
		{5F6DA22C-57C5-4075-98A2-5E541DAB653B}.Debug|x64.Build.0 = Debug|x64
		{5F6DA22C-57C5-4075-98A2-5E541DAB653B}.Debug|x86.ActiveCfg = Debug|Win32
		{5F6DA22C-57C5-4075-98A2-5E541DAB653B}.Debug|x86.Build.0 = Debug|Win32
		{5F6DA22C-57C5-4075-98A2-5E541DAB653B}.Release|x64.ActiveCfg = Release|x64
		{5F6DA22C-57C5-4075-98A2-5E541DAB653B}.Release|x64.Build.0 = Release|x64
		{5F6DA22C-57C5-4075-98A2-5E541DAB653B}.Release|x86.ActiveCfg = Release|Win32
		{5F6DA22C-57C5-4075-98A2-5E541DAB653B}.Release|x86.Build.0 = Release|Win32
		{2199B8AF-320E-478D-925A-19D454EF1AB1}.Debug|x64.ActiveCfg = Debug|x64
		{2199B8AF-320E-478D-925A-19D454EF1AB1}.Debug|x64.Build.0 = Debug|x64
		{2199B8AF-320E-478D-925A-19D454EF1AB1}.Debug|x86.ActiveCfg = Debug|Win32
		{2199B8AF-320E-478D-925A-19D454EF1AB1}.Debug|x86.Build.0 = Debug|Win32
		{2199B8AF-320E-478D-925A-19D454EF1AB1}.Release|x64.ActiveCfg = Release|x64
		{2199B8AF-320E-478D-925A-19D454EF1AB1}.Release|x64.Build.0 = Release|x64
		{2199B8AF-320E-478D-925A-19D454EF1AB1}.Release|x86.ActiveCfg = Release|Win32
		{2199B8AF-320E-478D-925A-19D454EF1AB1}.Release|x86.Build.0 = Release|Win32
		{EE71A772-C977-44CD-A3BE-7CE5B6C64211}.Debug|x64.ActiveCfg = Debug|x64
		{EE71A772-C977-44CD-A3BE-7CE5B6C64211}.Debug|x64.Build.0 = Debug|x64
		{EE71A772-C977-44CD-A3BE-7CE5B6C64211}.Debug|x86.ActiveCfg = Debug|Win32
		{EE71A772-C977-44CD-A3BE-7CE5B6C64211}.Debug|x86.Build.0 = Debug|Win32
		{EE71A772-C977-44CD-A3BE-7CE5B6C64211}.Release|x64.ActiveCfg = Release|x64
		{EE71A772-C977-44CD-A3BE-7CE5B6C64211}.Release|x64.Build.0 = Release|x64
		{EE71A772-C977-44CD-A3BE-7CE5B6C64211}.Release|x86.ActiveCfg = Release|Win32
		{EE71A772-C977-44CD-A3BE-7CE5B6C64211}.Release|x86.Build.0 = Release|Win32
		{5238AC49-54BF-4404-B3F9-8C4929867715}.Debug|x64.ActiveCfg = Debug|x64
		{5238AC49-54BF-4404-B3F9-8C4929867715}.Debug|x64.Build.0 = Debug|x64
		{5238AC49-54BF-4404-B3F9-8C4929867715}.Debug|x86.ActiveCfg = Debug|Win32
		{5238AC49-54BF-4404-B3F9-8C4929867715}.Debug|x86.Build.0 = Debug|Win32
		{5238AC49-54BF-4404-B3F9-8C4929867715}.Release|x64.ActiveCfg = Release|x64
		{5238AC49-54BF-4404-B3F9-8C4929867715}.Release|x64.Build.0 = Release|x64
		{5238AC49-54BF-4404-B3F9-8C4929867715}.Release|x86.ActiveCfg = Release|Win32
		{5238AC49-54BF-4404-B3F9-8C4929867715}.Release|x86.Build.0 = Release|Win32
		{865E768A-BAFA-4E8E-B493-72B775A97DFF}.Debug|x64.ActiveCfg = Debug|x64
		{865E768A-BAFA-4E8E-B493-72B775A97DFF}.Debug|x64.Build.0 = Debug|x64
		{865E768A-BAFA-4E8E-B493-72B775A97DFF}.Debug|x86.ActiveCfg = Debug|Win32
		{865E768A-BAFA-4E8E-B493-72B775A97DFF}.Debug|x86.Build.0 = Debug|Win32
		{865E768A-BAFA-4E8E-B493-72B775A97DFF}.Release|x64.ActiveCfg = Release|x64
		{865E768A-BAFA-4E8E-B493-72B775A97DFF}.Release|x64.Build.0 = Release|x64
		{865E768A-BAFA-4E8E-B493-72B775A97DFF}.Release|x86.ActiveCfg = Release|Win32
		{865E768A-BAFA-4E8E-B493-72B775A97DFF}.Release|x86.Build.0 = Release|Win32
		{DE592FDA-973B-4B39-A4B8-DD3AF0F647FD}.Debug|x64.ActiveCfg = Debug|x64
		{DE592FDA-973B-4B39-A4B8-DD3AF0F647FD}.Debug|x64.Build.0 = Debug|x64
		{DE592FDA-973B-4B39-A4B8-DD3AF0F647FD}.Debug|x86.ActiveCfg = Debug|Win32
		{DE592FDA-973B-4B39-A4B8-DD3AF0F647FD}.Debug|x86.Build.0 = Debug|Win32
		{DE592FDA-973B-4B39-A4B8-DD3AF0F647FD}.Release|x64.ActiveCfg = Release|x64
		{DE592FDA-973B-4B39-A4B8-DD3AF0F647FD}.Release|x64.Build.0 = Release|x64
		{DE592FDA-973B-4B39-A4B8-DD3AF0F647FD}.Release|x86.ActiveCfg = Release|Win32
		{DE592FDA-973B-4B39-A4B8-DD3AF0F647FD}.Release|x86.Build.0 = Release|Win32
		{1E184E29-989B-4EB8-ABA6-F0A6F3967003}.Debug|x64.ActiveCfg = Debug|x64
		{1E184E29-989B-4EB8-ABA6-F0A6F3967003}.Debug|x64.Build.0 = Debug|x64
		{1E184E29-989B-4EB8-ABA6-F0A6F3967003}.Debug|x86.ActiveCfg = Debug|Win32
		{1E184E29-989B-4EB8-ABA6-F0A6F3967003}.Debug|x86.Build.0 = Debug|Win32
		{1E184E29-989B-4EB8-ABA6-F0A6F3967003}.Release|x64.ActiveCfg = Release|x64
		{1E184E29-989B-4EB8-ABA6-F0A6F3967003}.Release|x64.Build.0 = Release|x64
		{1E184E29-989B-4EB8-ABA6-F0A6F3967003}.Release|x86.ActiveCfg = Release|Win32
		{1E184E29-989B-4EB8-ABA6-F0A6F3967003}.Release|x86.Build.0 = Release|Win32
		{71DAB47A-7E95-43EF-8066-552A7C7D3E57}.Debug|x64.ActiveCfg = Debug|x64
		{71DAB47A-7E95-43EF-8066-552A7C7D3E57}.Debug|x64.Build.0 = Debug|x64
		{71DAB47A-7E95-43EF-8066-552A7C7D3E57}.Debug|x86.ActiveCfg = Debug|Win32
		{71DAB47A-7E95-43EF-8066-552A7C7D3E57}.Debug|x86.Build.0 = Debug|Win32
		{71DAB47A-7E95-43EF-8066-552A7C7D3E57}.Release|x64.ActiveCfg = Release|x64
		{71DAB47A-7E95-43EF-8066-552A7C7D3E57}.Release|x64.Build.0 = Release|x64
		{71DAB47A-7E95-43EF-8066-552A7C7D3E57}.Release|x86.ActiveCfg = Release|Win32
		{71DAB47A-7E95-43EF-8066-552A7C7D3E57}.Release|x86.Build.0 = Release|Win32
		{4BE2BBBA-146B-48F1-8008-334844B2AC07}.Debug|x64.ActiveCfg = Debug|x64
		{4BE2BBBA-146B-48F1-8008-334844B2AC07}.Debug|x64.Build.0 = Debug|x64
		{4BE2BBBA-146B-48F1-8008-334844B2AC07}.Debug|x86.ActiveCfg = Debug|Win32
		{4BE2BBBA-146B-48F1-8008-334844B2AC07}.Debug|x86.Build.0 = Debug|Win32
		{4BE2BBBA-146B-48F1-8008-334844B2AC07}.Release|x64.ActiveCfg = Release|x64
		{4BE2BBBA-146B-48F1-8008-334844B2AC07}.Release|x64.Build.0 = Release|x64
		{4BE2BBBA-146B-48F1-8008-334844B2AC07}.Release|x86.ActiveCfg = Release|Win32
		{4BE2BBBA-146B-48F1-8008-334844B2AC07}.Release|x86.Build.0 = Release|Win32
		{E0DA0E1C-9072-4DE8-A0E6-597BF2D9F4EB}.Debug|x64.ActiveCfg = Debug|x64
		{E0DA0E1C-9072-4DE8-A0E6-597BF2D9F4EB}.Debug|x64.Build.0 = Debug|x64
		{E0DA0E1C-9072-4DE8-A0E6-597BF2D9F4EB}.Debug|x86.ActiveCfg = Debug|Win32
		{E0DA0E1C-9072-4DE8-A0E6-597BF2D9F4EB}.Debug|x86.Build.0 = Debug|Win32
		{E0DA0E1C-9072-4DE8-A0E6-597BF2D9F4EB}.Release|x64.ActiveCfg = Release|x64
		{E0DA0E1C-9072-4DE8-A0E6-597BF2D9F4EB}.Release|x64.Build.0 = Release|x64
		{E0DA0E1C-9072-4DE8-A0E6-597BF2D9F4EB}.Release|x86.ActiveCfg = Release|Win32
		{E0DA0E1C-9072-4DE8-A0E6-597BF2D9F4EB}.Release|x86.Build.0 = Release|Win32
		{FBF27E9D-BC77-439A-8D6D-C5C1FBC36914}.Debug|x64.ActiveCfg = Debug|x64
		{FBF27E9D-BC77-439A-8D6D-C5C1FBC36914}.Debug|x64.Build.0 = Debug|x64
		{FBF27E9D-BC77-439A-8D6D-C5C1FBC36914}.Debug|x86.ActiveCfg = Debug|Win32
		{FBF27E9D-BC77-439A-8D6D-C5C1FBC36914}.Debug|x86.Build.0 = Debug|Win32
		{FBF27E9D-BC77-439A-8D6D-C5C1FBC36914}.Release|x64.ActiveCfg = Release|x64
		{FBF27E9D-BC77-439A-8D6D-C5C1FBC36914}.Release|x64.Build.0 = Release|x64
		{FBF27E9D-BC77-439A-8D6D-C5C1FBC36914}.Release|x86.ActiveCfg = Release|Win32
		{FBF27E9D-BC77-439A-8D6D-C5C1FBC36914}.Release|x86.Build.0 = Release|Win32
		{F08C9E46-1AC2-4BAB-A4D0-57897FA28FC9}.Debug|x64.ActiveCfg = Debug|x64
		{F08C9E46-1AC2-4BAB-A4D0-57897FA28FC9}.Debug|x64.Build.0 = Debug|x64
		{F08C9E46-1AC2-4BAB-A4D0-57897FA28FC9}.Debug|x86.ActiveCfg = Debug|Win32
		{F08C9E46-1AC2-4BAB-A4D0-57897FA28FC9}.Debug|x86.Build.0 = Debug|Win32
		{F08C9E46-1AC2-4BAB-A4D0-57897FA28FC9}.Release|x64.ActiveCfg = Release|x64
		{F08C9E46-1AC2-4BAB-A4D0-57897FA28FC9}.Release|x64.Build.0 = Release|x64
		{F08C9E46-1AC2-4BAB-A4D0-57897FA28FC9}.Release|x86.ActiveCfg = Release|Win32
		{F08C9E46-1AC2-4BAB-A4D0-57897FA28FC9}.Release|x86.Build.0 = Release|Win32
		{A2206B3A-A602-4385-AE07-C8D626F013D6}.Debug|x64.ActiveCfg = Debug|x64
		{A2206B3A-A602-4385-AE07-C8D626F013D6}.Debug|x64.Build.0 = Debug|x64
		{A2206B3A-A602-4385-AE07-C8D626F013D6}.Debug|x86.ActiveCfg = Debug|Win32
		{A2206B3A-A602-4385-AE07-C8D626F013D6}.Debug|x86.Build.0 = Debug|Win32
		{A2206B3A-A602-4385-AE07-C8D626F013D6}.Release|x64.ActiveCfg = Release|x64
		{A2206B3A-A602-4385-AE07-C8D626F013D6}.Release|x64.Build.0 = Release|x64
		{A2206B3A-A602-4385-AE07-C8D626F013D6}.Release|x86.ActiveCfg = Release|Win32
		{A2206B3A-A602-4385-AE07-C8D626F013D6}.Release|x86.Build.0 = Release|Win32
		{AF755F31-E19B-4314-AA8E-4E7B666D0739}.Debug|x64.ActiveCfg = Debug|x64
		{AF755F31-E19B-4314-AA8E-4E7B666D0739}.Debug|x64.Build.0 = Debug|x64
		{AF755F31-E19B-4314-AA8E-4E7B666D0739}.Debug|x86.ActiveCfg = Debug|Win32
		{AF755F31-E19B-4314-AA8E-4E7B666D0739}.Debug|x86.Build.0 = Debug|Win32
		{AF755F31-E19B-4314-AA8E-4E7B666D0739}.Release|x64.ActiveCfg = Release|x64
		{AF755F31-E19B-4314-AA8E-4E7B666D0739}.Release|x64.Build.0 = Release|x64
		{AF755F31-E19B-4314-AA8E-4E7B666D0739}.Release|x86.ActiveCfg = Release|Win32
		{AF755F31-E19B-4314-AA8E-4E7B666D0739}.Release|x86.Build.0 = Release|Win32
		{E503501B-C6DE-4E94-B42B-FBA2260FBC42}.Debug|x64.ActiveCfg = Debug|x64
		{E503501B-C6DE-4E94-B42B-FBA2260FBC42}.Debug|x64.Build.0 = Debug|x64
		{E503501B-C6DE-4E94-B42B-FBA2260FBC42}.Debug|x86.ActiveCfg = Debug|Win32
		{E503501B-C6DE-4E94-B42B-FBA2260FBC42}.Debug|x86.Build.0 = Debug|Win32
		{E503501B-C6DE-4E94-B42B-FBA2260FBC42}.Release|x64.ActiveCfg = Release|x64
		{E503501B-C6DE-4E94-B42B-FBA2260FBC42}.Release|x64.Build.0 = Release|x64
		{E503501B-C6DE-4E94-B42B-FBA2260FBC42}.Release|x86.ActiveCfg = Release|Win32
		{E503501B-C6DE-4E94-B42B-FBA2260FBC42}.Release|x86.Build.0 = Release|Win32
		{3C4DF4DF-2266-477E-8A0D-F05DAF233061}.Debug|x64.ActiveCfg = Debug|x64
		{3C4DF4DF-2266-477E-8A0D-F05DAF233061}.Debug|x64.Build.0 = Debug|x64
		{3C4DF4DF-2266-477E-8A0D-F05DAF233061}.Debug|x86.ActiveCfg = Debug|Win32
		{3C4DF4DF-2266-477E-8A0D-F05DAF233061}.Debug|x86.Build.0 = Debug|Win32
		{3C4DF4DF-2266-477E-8A0D-F05DAF233061}.Release|x64.ActiveCfg = Release|x64
		{3C4DF4DF-2266-477E-8A0D-F05DAF233061}.Release|x64.Build.0 = Release|x64
		{3C4DF4DF-2266-477E-8A0D-F05DAF233061}.Release|x86.ActiveCfg = Release|Win32
		{3C4DF4DF-2266-477E-8A0D-F05DAF233061}.Release|x86.Build.0 = Release|Win32
		{69ED2572-948B-418D-9852-A6630E892888}.Debug|x64.ActiveCfg = Debug|x64
		{69ED2572-948B-418D-9852-A6630E892888}.Debug|x64.Build.0 = Debug|x64
		{69ED2572-948B-418D-9852-A6630E892888}.Debug|x86.ActiveCfg = Debug|Win32
		{69ED2572-948B-418D-9852-A6630E892888}.Debug|x86.Build.0 = Debug|Win32
		{69ED2572-948B-418D-9852-A6630E892888}.Release|x64.ActiveCfg = Release|x64
		{69ED2572-948B-418D-9852-A6630E892888}.Release|x64.Build.0 = Release|x64
		{69ED2572-948B-418D-9852-A6630E892888}.Release|x86.ActiveCfg = Release|Win32
		{69ED2572-948B-418D-9852-A6630E892888}.Release|x86.Build.0 = Release|Win32
		{9EE94926-4B6F-46DE-BF6D-4FD3F56F4390}.Debug|x64.ActiveCfg = Debug|x64
		{9EE94926-4B6F-46DE-BF6D-4FD3F56F4390}.Debug|x64.Build.0 = Debug|x64
		{9EE94926-4B6F-46DE-BF6D-4FD3F56F4390}.Debug|x86.ActiveCfg = Debug|Win32
		{9EE94926-4B6F-46DE-BF6D-4FD3F56F4390}.Debug|x86.Build.0 = Debug|Win32
		{9EE94926-4B6F-46DE-BF6D-4FD3F56F4390}.Release|x64.ActiveCfg = Release|x64
		{9EE94926-4B6F-46DE-BF6D-4FD3F56F4390}.Release|x64.Build.0 = Release|x64
		{9EE94926-4B6F-46DE-BF6D-4FD3F56F4390}.Release|x86.ActiveCfg = Release|Win32
		{9EE94926-4B6F-46DE-BF6D-4FD3F56F4390}.Release|x86.Build.0 = Release|Win32
		{10C465AA-F1F9-4D28-8222-13F3F39380E0}.Debug|x64.ActiveCfg = Debug|x64
		{10C465AA-F1F9-4D28-8222-13F3F39380E0}.Debug|x64.Build.0 = Debug|x64
		{10C465AA-F1F9-4D28-8222-13F3F39380E0}.Debug|x86.ActiveCfg = Debug|Win32
		{10C465AA-F1F9-4D28-8222-13F3F39380E0}.Debug|x86.Build.0 = Debug|Win32
		{10C465AA-F1F9-4D28-8222-13F3F39380E0}.Release|x64.ActiveCfg = Release|x64
		{10C465AA-F1F9-4D28-8222-13F3F39380E0}.Release|x64.Build.0 = Release|x64
		{10C465AA-F1F9-4D28-8222-13F3F39380E0}.Release|x86.ActiveCfg = Release|Win32
		{10C465AA-F1F9-4D28-8222-13F3F39380E0}.Release|x86.Build.0 = Release|Win32
		{DD1A7AF4-56B5-4244-BAD6-3CFFB2EDE577}.Debug|x64.ActiveCfg = Debug|x64
		{DD1A7AF4-56B5-4244-BAD6-3CFFB2EDE577}.Debug|x64.Build.0 = Debug|x64
		{DD1A7AF4-56B5-4244-BAD6-3CFFB2EDE577}.Debug|x86.ActiveCfg = Debug|Win32
		{DD1A7AF4-56B5-4244-BAD6-3CFFB2EDE577}.Debug|x86.Build.0 = Debug|Win32
		{DD1A7AF4-56B5-4244-BAD6-3CFFB2EDE577}.Release|x64.ActiveCfg = Release|x64
		{DD1A7AF4-56B5-4244-BAD6-3CFFB2EDE577}.Release|x64.Build.0 = Release|x64
		{DD1A7AF4-56B5-4244-BAD6-3CFFB2EDE577}.Release|x86.ActiveCfg = Release|Win32
		{DD1A7AF4-56B5-4244-BAD6-3CFFB2EDE577}.Release|x86.Build.0 = Release|Win32
		{D958B815-729E-428A-B5DE-6FC8DA9FAF80}.Debug|x64.ActiveCfg = Debug|x64
		{D958B815-729E-428A-B5DE-6FC8DA9FAF80}.Debug|x64.Build.0 = Debug|x64
		{D958B815-729E-428A-B5DE-6FC8DA9FAF80}.Debug|x86.ActiveCfg = Debug|Win32
		{D958B815-729E-428A-B5DE-6FC8DA9FAF80}.Debug|x86.Build.0 = Debug|Win32
		{D958B815-729E-428A-B5DE-6FC8DA9FAF80}.Release|x64.ActiveCfg = Release|x64
		{D958B815-729E-428A-B5DE-6FC8DA9FAF80}.Release|x64.Build.0 = Release|x64
		{D958B815-729E-428A-B5DE-6FC8DA9FAF80}.Release|x86.ActiveCfg = Release|Win32
		{D958B815-729E-428A-B5DE-6FC8DA9FAF80}.Release|x86.Build.0 = Release|Win32
		{F7286426-5E3B-4B14-A04B-BBE1BD1EEF9D}.Debug|x64.ActiveCfg = Debug|x64
		{F7286426-5E3B-4B14-A04B-BBE1BD1EEF9D}.Debug|x64.Build.0 = Debug|x64
		{F7286426-5E3B-4B14-A04B-BBE1BD1EEF9D}.Debug|x86.ActiveCfg = Debug|Win32
		{F7286426-5E3B-4B14-A04B-BBE1BD1EEF9D}.Debug|x86.Build.0 = Debug|Win32
		{F7286426-5E3B-4B14-A04B-BBE1BD1EEF9D}.Release|x64.ActiveCfg = Release|x64
		{F7286426-5E3B-4B14-A04B-BBE1BD1EEF9D}.Release|x64.Build.0 = Release|x64
		{F7286426-5E3B-4B14-A04B-BBE1BD1EEF9D}.Release|x86.ActiveCfg = Release|Win32
		{F7286426-5E3B-4B14-A04B-BBE1BD1EEF9D}.Release|x86.Build.0 = Release|Win32
	EndGlobalSection
	GlobalSection(SolutionProperties) = preSolution
		HideSolutionNode = FALSE
	EndGlobalSection
	GlobalSection(ExtensibilityGlobals) = postSolution
		SolutionGuid = {3EB4C284-4646-4197-8AE0-B134F343717D}
	EndGlobalSection
EndGlobal
