
Microsoft Visual Studio Solution File, Format Version 12.00
# Visual Studio 15
VisualStudioVersion = 15.0.28307.271
MinimumVisualStudioVersion = 10.0.40219.1
Project("{8BC9CEB8-8B4A-11D0-8D11-00A0C91BC942}") = "Chapter1_1.3", "Chapter1_1.3\Chapter1_1.3.vcxproj", "{75F2A4E8-CE4F-4B3B-A481-C1CF1CD8CFD3}"
EndProject
Project("{8BC9CEB8-8B4A-11D0-8D11-00A0C91BC942}") = "Chapter1_1.7", "Chapter1_1.7\Chapter1_1.7.vcxproj", "{A124C5E1-0B1D-4670-8944-DC9363841E1D}"
EndProject
Project("{8BC9CEB8-8B4A-11D0-8D11-00A0C91BC942}") = "Chapter_1.4", "Chapter_1.4\Chapter_1.4.vcxproj", "{72546956-210F-4BEA-BF21-45A5B50C5519}"
EndProject
Project("{8BC9CEB8-8B4A-11D0-8D11-00A0C91BC942}") = "Chapter_1.8", "Chapter_1.8\Chapter_1.8.vcxproj", "{3696C117-49BB-42CA-A00B-61B995FEDF3A}"
EndProject
Project("{8BC9CEB8-8B4A-11D0-8D11-00A0C91BC942}") = "Chapter1_1.10", "Chapter1_1.10\Chapter1_1.10.vcxproj", "{D59A36AC-E8C6-4448-A290-4B742BB144A1}"
EndProject
Project("{8BC9CEB8-8B4A-11D0-8D11-00A0C91BC942}") = "Chapter1_1.11", "Chapter1_1.11\Chapter1_1.11.vcxproj", "{4FD4D169-8171-4AF3-ADC3-FB8E35B55979}"
EndProject
Project("{8BC9CEB8-8B4A-11D0-8D11-00A0C91BC942}") = "Chapter1_1.12", "Chapter1_1.12\Chapter1_1.12.vcxproj", "{78264AC2-F5AA-4213-93E5-7E6268D810D6}"
EndProject
Project("{8BC9CEB8-8B4A-11D0-8D11-00A0C91BC942}") = "Chapter1_1.13", "Chapter1_1.13\Chapter1_1.13.vcxproj", "{05E2B871-EA3D-4D91-81FA-F206DD585965}"
EndProject
Project("{8BC9CEB8-8B4A-11D0-8D11-00A0C91BC942}") = "Chapter1.14", "Chapter1.14\Chapter1.14.vcxproj", "{562E8EE4-0127-4A57-863B-4DDCE1DA7953}"
EndProject
Project("{8BC9CEB8-8B4A-11D0-8D11-00A0C91BC942}") = "Chapter2_2.1", "Chapter2_2.1\Chapter2_2.1.vcxproj", "{0D3D4831-C592-4FF1-B6B2-8B0B73155E0E}"
EndProject
Project("{8BC9CEB8-8B4A-11D0-8D11-00A0C91BC942}") = "Chapter2_2.2", "Chapter2_2.2\Chapter2_2.2.vcxproj", "{55D5B829-234F-4D5E-AA31-8C195D77CA25}"
EndProject
Project("{8BC9CEB8-8B4A-11D0-8D11-00A0C91BC942}") = "Chapter2_2.3", "Chapter2_2.3\Chapter2_2.3.vcxproj", "{9C552E35-B38F-4F29-957B-0E538D2D9A17}"
EndProject
Project("{8BC9CEB8-8B4A-11D0-8D11-00A0C91BC942}") = "Chapter2_2.4", "Chapter2_2.4\Chapter2_2.4.vcxproj", "{398A59B3-8067-4F5A-9EED-E87FCE46B31B}"
EndProject
Project("{8BC9CEB8-8B4A-11D0-8D11-00A0C91BC942}") = "Chapter2_2.5", "Chapter2_2.5\Chapter2_2.5.vcxproj", "{95F33358-2A9A-41C8-82B0-5B2632F857B9}"
EndProject
Project("{8BC9CEB8-8B4A-11D0-8D11-00A0C91BC942}") = "Chapter2_2.6", "Chapter2_2.6\Chapter2_2.6.vcxproj", "{94D623FB-8752-4BC5-9D90-EE088DB47A98}"
EndProject
Project("{8BC9CEB8-8B4A-11D0-8D11-00A0C91BC942}") = "JJacHol", "JJacHol\JJacHol.vcxproj", "{33D73446-3F33-48C7-ADE6-32440348E03E}"
EndProject
Project("{8BC9CEB8-8B4A-11D0-8D11-00A0C91BC942}") = "Chapter2_2.27", "Chapter2_2.27\Chapter2_2.27.vcxproj", "{AB40520E-0AB8-46B4-864F-CF37478F614F}"
EndProject
Project("{8BC9CEB8-8B4A-11D0-8D11-00A0C91BC942}") = "Chapter2_2.8", "Chapter2_2.8\Chapter2_2.8.vcxproj", "{8D024009-0858-483B-9F86-787D0E4347FD}"
EndProject
Global
	GlobalSection(SolutionConfigurationPlatforms) = preSolution
		Debug|x64 = Debug|x64
		Debug|x86 = Debug|x86
		Release|x64 = Release|x64
		Release|x86 = Release|x86
	EndGlobalSection
	GlobalSection(ProjectConfigurationPlatforms) = postSolution
		{75F2A4E8-CE4F-4B3B-A481-C1CF1CD8CFD3}.Debug|x64.ActiveCfg = Debug|x64
		{75F2A4E8-CE4F-4B3B-A481-C1CF1CD8CFD3}.Debug|x64.Build.0 = Debug|x64
		{75F2A4E8-CE4F-4B3B-A481-C1CF1CD8CFD3}.Debug|x86.ActiveCfg = Debug|Win32
		{75F2A4E8-CE4F-4B3B-A481-C1CF1CD8CFD3}.Debug|x86.Build.0 = Debug|Win32
		{75F2A4E8-CE4F-4B3B-A481-C1CF1CD8CFD3}.Release|x64.ActiveCfg = Release|x64
		{75F2A4E8-CE4F-4B3B-A481-C1CF1CD8CFD3}.Release|x64.Build.0 = Release|x64
		{75F2A4E8-CE4F-4B3B-A481-C1CF1CD8CFD3}.Release|x86.ActiveCfg = Release|Win32
		{75F2A4E8-CE4F-4B3B-A481-C1CF1CD8CFD3}.Release|x86.Build.0 = Release|Win32
		{A124C5E1-0B1D-4670-8944-DC9363841E1D}.Debug|x64.ActiveCfg = Debug|x64
		{A124C5E1-0B1D-4670-8944-DC9363841E1D}.Debug|x64.Build.0 = Debug|x64
		{A124C5E1-0B1D-4670-8944-DC9363841E1D}.Debug|x86.ActiveCfg = Debug|Win32
		{A124C5E1-0B1D-4670-8944-DC9363841E1D}.Debug|x86.Build.0 = Debug|Win32
		{A124C5E1-0B1D-4670-8944-DC9363841E1D}.Release|x64.ActiveCfg = Release|x64
		{A124C5E1-0B1D-4670-8944-DC9363841E1D}.Release|x64.Build.0 = Release|x64
		{A124C5E1-0B1D-4670-8944-DC9363841E1D}.Release|x86.ActiveCfg = Release|Win32
		{A124C5E1-0B1D-4670-8944-DC9363841E1D}.Release|x86.Build.0 = Release|Win32
		{72546956-210F-4BEA-BF21-45A5B50C5519}.Debug|x64.ActiveCfg = Debug|x64
		{72546956-210F-4BEA-BF21-45A5B50C5519}.Debug|x64.Build.0 = Debug|x64
		{72546956-210F-4BEA-BF21-45A5B50C5519}.Debug|x86.ActiveCfg = Debug|Win32
		{72546956-210F-4BEA-BF21-45A5B50C5519}.Debug|x86.Build.0 = Debug|Win32
		{72546956-210F-4BEA-BF21-45A5B50C5519}.Release|x64.ActiveCfg = Release|x64
		{72546956-210F-4BEA-BF21-45A5B50C5519}.Release|x64.Build.0 = Release|x64
		{72546956-210F-4BEA-BF21-45A5B50C5519}.Release|x86.ActiveCfg = Release|Win32
		{72546956-210F-4BEA-BF21-45A5B50C5519}.Release|x86.Build.0 = Release|Win32
		{3696C117-49BB-42CA-A00B-61B995FEDF3A}.Debug|x64.ActiveCfg = Debug|x64
		{3696C117-49BB-42CA-A00B-61B995FEDF3A}.Debug|x64.Build.0 = Debug|x64
		{3696C117-49BB-42CA-A00B-61B995FEDF3A}.Debug|x86.ActiveCfg = Debug|Win32
		{3696C117-49BB-42CA-A00B-61B995FEDF3A}.Debug|x86.Build.0 = Debug|Win32
		{3696C117-49BB-42CA-A00B-61B995FEDF3A}.Release|x64.ActiveCfg = Release|x64
		{3696C117-49BB-42CA-A00B-61B995FEDF3A}.Release|x64.Build.0 = Release|x64
		{3696C117-49BB-42CA-A00B-61B995FEDF3A}.Release|x86.ActiveCfg = Release|Win32
		{3696C117-49BB-42CA-A00B-61B995FEDF3A}.Release|x86.Build.0 = Release|Win32
		{D59A36AC-E8C6-4448-A290-4B742BB144A1}.Debug|x64.ActiveCfg = Debug|x64
		{D59A36AC-E8C6-4448-A290-4B742BB144A1}.Debug|x64.Build.0 = Debug|x64
		{D59A36AC-E8C6-4448-A290-4B742BB144A1}.Debug|x86.ActiveCfg = Debug|Win32
		{D59A36AC-E8C6-4448-A290-4B742BB144A1}.Debug|x86.Build.0 = Debug|Win32
		{D59A36AC-E8C6-4448-A290-4B742BB144A1}.Release|x64.ActiveCfg = Release|x64
		{D59A36AC-E8C6-4448-A290-4B742BB144A1}.Release|x64.Build.0 = Release|x64
		{D59A36AC-E8C6-4448-A290-4B742BB144A1}.Release|x86.ActiveCfg = Release|Win32
		{D59A36AC-E8C6-4448-A290-4B742BB144A1}.Release|x86.Build.0 = Release|Win32
		{4FD4D169-8171-4AF3-ADC3-FB8E35B55979}.Debug|x64.ActiveCfg = Debug|x64
		{4FD4D169-8171-4AF3-ADC3-FB8E35B55979}.Debug|x64.Build.0 = Debug|x64
		{4FD4D169-8171-4AF3-ADC3-FB8E35B55979}.Debug|x86.ActiveCfg = Debug|Win32
		{4FD4D169-8171-4AF3-ADC3-FB8E35B55979}.Debug|x86.Build.0 = Debug|Win32
		{4FD4D169-8171-4AF3-ADC3-FB8E35B55979}.Release|x64.ActiveCfg = Release|x64
		{4FD4D169-8171-4AF3-ADC3-FB8E35B55979}.Release|x64.Build.0 = Release|x64
		{4FD4D169-8171-4AF3-ADC3-FB8E35B55979}.Release|x86.ActiveCfg = Release|Win32
		{4FD4D169-8171-4AF3-ADC3-FB8E35B55979}.Release|x86.Build.0 = Release|Win32
		{78264AC2-F5AA-4213-93E5-7E6268D810D6}.Debug|x64.ActiveCfg = Debug|x64
		{78264AC2-F5AA-4213-93E5-7E6268D810D6}.Debug|x64.Build.0 = Debug|x64
		{78264AC2-F5AA-4213-93E5-7E6268D810D6}.Debug|x86.ActiveCfg = Debug|Win32
		{78264AC2-F5AA-4213-93E5-7E6268D810D6}.Debug|x86.Build.0 = Debug|Win32
		{78264AC2-F5AA-4213-93E5-7E6268D810D6}.Release|x64.ActiveCfg = Release|x64
		{78264AC2-F5AA-4213-93E5-7E6268D810D6}.Release|x64.Build.0 = Release|x64
		{78264AC2-F5AA-4213-93E5-7E6268D810D6}.Release|x86.ActiveCfg = Release|Win32
		{78264AC2-F5AA-4213-93E5-7E6268D810D6}.Release|x86.Build.0 = Release|Win32
		{05E2B871-EA3D-4D91-81FA-F206DD585965}.Debug|x64.ActiveCfg = Debug|x64
		{05E2B871-EA3D-4D91-81FA-F206DD585965}.Debug|x64.Build.0 = Debug|x64
		{05E2B871-EA3D-4D91-81FA-F206DD585965}.Debug|x86.ActiveCfg = Debug|Win32
		{05E2B871-EA3D-4D91-81FA-F206DD585965}.Debug|x86.Build.0 = Debug|Win32
		{05E2B871-EA3D-4D91-81FA-F206DD585965}.Release|x64.ActiveCfg = Release|x64
		{05E2B871-EA3D-4D91-81FA-F206DD585965}.Release|x64.Build.0 = Release|x64
		{05E2B871-EA3D-4D91-81FA-F206DD585965}.Release|x86.ActiveCfg = Release|Win32
		{05E2B871-EA3D-4D91-81FA-F206DD585965}.Release|x86.Build.0 = Release|Win32
		{562E8EE4-0127-4A57-863B-4DDCE1DA7953}.Debug|x64.ActiveCfg = Debug|x64
		{562E8EE4-0127-4A57-863B-4DDCE1DA7953}.Debug|x64.Build.0 = Debug|x64
		{562E8EE4-0127-4A57-863B-4DDCE1DA7953}.Debug|x86.ActiveCfg = Debug|Win32
		{562E8EE4-0127-4A57-863B-4DDCE1DA7953}.Debug|x86.Build.0 = Debug|Win32
		{562E8EE4-0127-4A57-863B-4DDCE1DA7953}.Release|x64.ActiveCfg = Release|x64
		{562E8EE4-0127-4A57-863B-4DDCE1DA7953}.Release|x64.Build.0 = Release|x64
		{562E8EE4-0127-4A57-863B-4DDCE1DA7953}.Release|x86.ActiveCfg = Release|Win32
		{562E8EE4-0127-4A57-863B-4DDCE1DA7953}.Release|x86.Build.0 = Release|Win32
		{0D3D4831-C592-4FF1-B6B2-8B0B73155E0E}.Debug|x64.ActiveCfg = Debug|x64
		{0D3D4831-C592-4FF1-B6B2-8B0B73155E0E}.Debug|x64.Build.0 = Debug|x64
		{0D3D4831-C592-4FF1-B6B2-8B0B73155E0E}.Debug|x86.ActiveCfg = Debug|Win32
		{0D3D4831-C592-4FF1-B6B2-8B0B73155E0E}.Debug|x86.Build.0 = Debug|Win32
		{0D3D4831-C592-4FF1-B6B2-8B0B73155E0E}.Release|x64.ActiveCfg = Release|x64
		{0D3D4831-C592-4FF1-B6B2-8B0B73155E0E}.Release|x64.Build.0 = Release|x64
		{0D3D4831-C592-4FF1-B6B2-8B0B73155E0E}.Release|x86.ActiveCfg = Release|Win32
		{0D3D4831-C592-4FF1-B6B2-8B0B73155E0E}.Release|x86.Build.0 = Release|Win32
		{55D5B829-234F-4D5E-AA31-8C195D77CA25}.Debug|x64.ActiveCfg = Debug|x64
		{55D5B829-234F-4D5E-AA31-8C195D77CA25}.Debug|x64.Build.0 = Debug|x64
		{55D5B829-234F-4D5E-AA31-8C195D77CA25}.Debug|x86.ActiveCfg = Debug|Win32
		{55D5B829-234F-4D5E-AA31-8C195D77CA25}.Debug|x86.Build.0 = Debug|Win32
		{55D5B829-234F-4D5E-AA31-8C195D77CA25}.Release|x64.ActiveCfg = Release|x64
		{55D5B829-234F-4D5E-AA31-8C195D77CA25}.Release|x64.Build.0 = Release|x64
		{55D5B829-234F-4D5E-AA31-8C195D77CA25}.Release|x86.ActiveCfg = Release|Win32
		{55D5B829-234F-4D5E-AA31-8C195D77CA25}.Release|x86.Build.0 = Release|Win32
		{9C552E35-B38F-4F29-957B-0E538D2D9A17}.Debug|x64.ActiveCfg = Debug|x64
		{9C552E35-B38F-4F29-957B-0E538D2D9A17}.Debug|x64.Build.0 = Debug|x64
		{9C552E35-B38F-4F29-957B-0E538D2D9A17}.Debug|x86.ActiveCfg = Debug|Win32
		{9C552E35-B38F-4F29-957B-0E538D2D9A17}.Debug|x86.Build.0 = Debug|Win32
		{9C552E35-B38F-4F29-957B-0E538D2D9A17}.Release|x64.ActiveCfg = Release|x64
		{9C552E35-B38F-4F29-957B-0E538D2D9A17}.Release|x64.Build.0 = Release|x64
		{9C552E35-B38F-4F29-957B-0E538D2D9A17}.Release|x86.ActiveCfg = Release|Win32
		{9C552E35-B38F-4F29-957B-0E538D2D9A17}.Release|x86.Build.0 = Release|Win32
		{398A59B3-8067-4F5A-9EED-E87FCE46B31B}.Debug|x64.ActiveCfg = Debug|x64
		{398A59B3-8067-4F5A-9EED-E87FCE46B31B}.Debug|x64.Build.0 = Debug|x64
		{398A59B3-8067-4F5A-9EED-E87FCE46B31B}.Debug|x86.ActiveCfg = Debug|Win32
		{398A59B3-8067-4F5A-9EED-E87FCE46B31B}.Debug|x86.Build.0 = Debug|Win32
		{398A59B3-8067-4F5A-9EED-E87FCE46B31B}.Release|x64.ActiveCfg = Release|x64
		{398A59B3-8067-4F5A-9EED-E87FCE46B31B}.Release|x64.Build.0 = Release|x64
		{398A59B3-8067-4F5A-9EED-E87FCE46B31B}.Release|x86.ActiveCfg = Release|Win32
		{398A59B3-8067-4F5A-9EED-E87FCE46B31B}.Release|x86.Build.0 = Release|Win32
		{95F33358-2A9A-41C8-82B0-5B2632F857B9}.Debug|x64.ActiveCfg = Debug|x64
		{95F33358-2A9A-41C8-82B0-5B2632F857B9}.Debug|x64.Build.0 = Debug|x64
		{95F33358-2A9A-41C8-82B0-5B2632F857B9}.Debug|x86.ActiveCfg = Debug|Win32
		{95F33358-2A9A-41C8-82B0-5B2632F857B9}.Debug|x86.Build.0 = Debug|Win32
		{95F33358-2A9A-41C8-82B0-5B2632F857B9}.Release|x64.ActiveCfg = Release|x64
		{95F33358-2A9A-41C8-82B0-5B2632F857B9}.Release|x64.Build.0 = Release|x64
		{95F33358-2A9A-41C8-82B0-5B2632F857B9}.Release|x86.ActiveCfg = Release|Win32
		{95F33358-2A9A-41C8-82B0-5B2632F857B9}.Release|x86.Build.0 = Release|Win32
		{94D623FB-8752-4BC5-9D90-EE088DB47A98}.Debug|x64.ActiveCfg = Debug|x64
		{94D623FB-8752-4BC5-9D90-EE088DB47A98}.Debug|x64.Build.0 = Debug|x64
		{94D623FB-8752-4BC5-9D90-EE088DB47A98}.Debug|x86.ActiveCfg = Debug|Win32
		{94D623FB-8752-4BC5-9D90-EE088DB47A98}.Debug|x86.Build.0 = Debug|Win32
		{94D623FB-8752-4BC5-9D90-EE088DB47A98}.Release|x64.ActiveCfg = Release|x64
		{94D623FB-8752-4BC5-9D90-EE088DB47A98}.Release|x64.Build.0 = Release|x64
		{94D623FB-8752-4BC5-9D90-EE088DB47A98}.Release|x86.ActiveCfg = Release|Win32
		{94D623FB-8752-4BC5-9D90-EE088DB47A98}.Release|x86.Build.0 = Release|Win32
		{33D73446-3F33-48C7-ADE6-32440348E03E}.Debug|x64.ActiveCfg = Debug|x64
		{33D73446-3F33-48C7-ADE6-32440348E03E}.Debug|x64.Build.0 = Debug|x64
		{33D73446-3F33-48C7-ADE6-32440348E03E}.Debug|x86.ActiveCfg = Debug|Win32
		{33D73446-3F33-48C7-ADE6-32440348E03E}.Debug|x86.Build.0 = Debug|Win32
		{33D73446-3F33-48C7-ADE6-32440348E03E}.Release|x64.ActiveCfg = Release|x64
		{33D73446-3F33-48C7-ADE6-32440348E03E}.Release|x64.Build.0 = Release|x64
		{33D73446-3F33-48C7-ADE6-32440348E03E}.Release|x86.ActiveCfg = Release|Win32
		{33D73446-3F33-48C7-ADE6-32440348E03E}.Release|x86.Build.0 = Release|Win32
		{AB40520E-0AB8-46B4-864F-CF37478F614F}.Debug|x64.ActiveCfg = Debug|x64
		{AB40520E-0AB8-46B4-864F-CF37478F614F}.Debug|x64.Build.0 = Debug|x64
		{AB40520E-0AB8-46B4-864F-CF37478F614F}.Debug|x86.ActiveCfg = Debug|Win32
		{AB40520E-0AB8-46B4-864F-CF37478F614F}.Debug|x86.Build.0 = Debug|Win32
		{AB40520E-0AB8-46B4-864F-CF37478F614F}.Release|x64.ActiveCfg = Release|x64
		{AB40520E-0AB8-46B4-864F-CF37478F614F}.Release|x64.Build.0 = Release|x64
		{AB40520E-0AB8-46B4-864F-CF37478F614F}.Release|x86.ActiveCfg = Release|Win32
		{AB40520E-0AB8-46B4-864F-CF37478F614F}.Release|x86.Build.0 = Release|Win32
		{8D024009-0858-483B-9F86-787D0E4347FD}.Debug|x64.ActiveCfg = Debug|x64
		{8D024009-0858-483B-9F86-787D0E4347FD}.Debug|x64.Build.0 = Debug|x64
		{8D024009-0858-483B-9F86-787D0E4347FD}.Debug|x86.ActiveCfg = Debug|Win32
		{8D024009-0858-483B-9F86-787D0E4347FD}.Debug|x86.Build.0 = Debug|Win32
		{8D024009-0858-483B-9F86-787D0E4347FD}.Release|x64.ActiveCfg = Release|x64
		{8D024009-0858-483B-9F86-787D0E4347FD}.Release|x64.Build.0 = Release|x64
		{8D024009-0858-483B-9F86-787D0E4347FD}.Release|x86.ActiveCfg = Release|Win32
		{8D024009-0858-483B-9F86-787D0E4347FD}.Release|x86.Build.0 = Release|Win32
	EndGlobalSection
	GlobalSection(SolutionProperties) = preSolution
		HideSolutionNode = FALSE
	EndGlobalSection
	GlobalSection(ExtensibilityGlobals) = postSolution
		SolutionGuid = {3EB4C284-4646-4197-8AE0-B134F343717D}
	EndGlobalSection
EndGlobal
